
Microsoft Visual Studio Solution File, Format Version 12.00
# Visual Studio Version 17
VisualStudioVersion = 17.14.36221.1 d17.14
MinimumVisualStudioVersion = 10.0.40219.1
Project("{FAE04EC0-301F-11D3-BF4B-00C04F79EFBC}") = "BookStoreConsoleApp", "BookStoreConsoleApp\BookStoreConsoleApp.csproj", "{F8070267-A1C9-48E4-ACF4-01FD274B89D5}"
EndProject
Global
	GlobalSection(SolutionConfigurationPlatforms) = preSolution
		Debug|Any CPU = Debug|Any CPU
		Release|Any CPU = Release|Any CPU
	EndGlobalSection
	GlobalSection(ProjectConfigurationPlatforms) = postSolution
		{F8070267-A1C9-48E4-ACF4-01FD274B89D5}.Debug|Any CPU.ActiveCfg = Debug|Any CPU
		{F8070267-A1C9-48E4-ACF4-01FD274B89D5}.Debug|Any CPU.Build.0 = Debug|Any CPU
		{F8070267-A1C9-48E4-ACF4-01FD274B89D5}.Release|Any CPU.ActiveCfg = Release|Any CPU
		{F8070267-A1C9-48E4-ACF4-01FD274B89D5}.Release|Any CPU.Build.0 = Release|Any CPU
	EndGlobalSection
	GlobalSection(SolutionProperties) = preSolution
		HideSolutionNode = FALSE
	EndGlobalSection
	GlobalSection(ExtensibilityGlobals) = postSolution
		SolutionGuid = {9C19FA02-CF1B-4AF9-8EAB-451598971521}
	EndGlobalSection
EndGlobal
